// !$*UTF8*$!
{
	archiveVersion = 1;
	classes = {
	};
	objectVersion = 46;
	objects = {

/* Begin PBXBuildFile section */
		CBCD5D2D1C094C720034DE84 /* SPFPriceFetcher.m in Sources */ = {isa = PBXBuildFile; fileRef = CBCD5D291C094C720034DE84 /* SPFPriceFetcher.m */; };
		CBCD5D2E1C094C720034DE84 /* JCDHTTPConnection.m in Sources */ = {isa = PBXBuildFile; fileRef = CBCD5D2A1C094C720034DE84 /* JCDHTTPConnection.m */; };
		CBCD5D391C0A20350034DE84 /* HighlightingTextView.m in Sources */ = {isa = PBXBuildFile; fileRef = CBCD5D301C0A20350034DE84 /* HighlightingTextView.m */; };
		CBCD5D3A1C0A20350034DE84 /* Quotation.m in Sources */ = {isa = PBXBuildFile; fileRef = CBCD5D321C0A20350034DE84 /* Quotation.m */; };
		CBCD5D3B1C0A20350034DE84 /* QuoteCell.m in Sources */ = {isa = PBXBuildFile; fileRef = CBCD5D341C0A20350034DE84 /* QuoteCell.m */; };
		CBCD5D3C1C0A20350034DE84 /* SectionHeaderView.m in Sources */ = {isa = PBXBuildFile; fileRef = CBCD5D361C0A20350034DE84 /* SectionHeaderView.m */; };
		CBCD5D3D1C0A20350034DE84 /* SectionInfo.m in Sources */ = {isa = PBXBuildFile; fileRef = CBCD5D381C0A20350034DE84 /* SectionInfo.m */; };
		CBCD5D411C0A234B0034DE84 /* QuartzCore.framework in Frameworks */ = {isa = PBXBuildFile; fileRef = CBCD5D401C0A234B0034DE84 /* QuartzCore.framework */; };
		CBCD5D441C0A24FA0034DE84 /* Play.m in Sources */ = {isa = PBXBuildFile; fileRef = CBCD5D431C0A24FA0034DE84 /* Play.m */; };
		CBCD5D461C0A29570034DE84 /* MessageUI.framework in Frameworks */ = {isa = PBXBuildFile; fileRef = CBCD5D451C0A29570034DE84 /* MessageUI.framework */; };
		CBCD5D481C0A2DC40034DE84 /* PlaysAndQuotations.plist in Resources */ = {isa = PBXBuildFile; fileRef = CBCD5D471C0A2DC40034DE84 /* PlaysAndQuotations.plist */; };
		CBCD5D4B1C0A326A0034DE84 /* carat-open.png in Resources */ = {isa = PBXBuildFile; fileRef = CBCD5D491C0A326A0034DE84 /* carat-open.png */; };
		CBCD5D4C1C0A326A0034DE84 /* carat.png in Resources */ = {isa = PBXBuildFile; fileRef = CBCD5D4A1C0A326A0034DE84 /* carat.png */; };
		F419149E158D558600E54887 /* RecipeDetailViewController.m in Sources */ = {isa = PBXBuildFile; fileRef = F419149D158D558600E54887 /* RecipeDetailViewController.m */; };
		F4AA6C2C1589A2DF0093D97E /* UIKit.framework in Frameworks */ = {isa = PBXBuildFile; fileRef = F4AA6C2B1589A2DF0093D97E /* UIKit.framework */; };
		F4AA6C2E1589A2DF0093D97E /* Foundation.framework in Frameworks */ = {isa = PBXBuildFile; fileRef = F4AA6C2D1589A2DF0093D97E /* Foundation.framework */; };
		F4AA6C301589A2DF0093D97E /* CoreGraphics.framework in Frameworks */ = {isa = PBXBuildFile; fileRef = F4AA6C2F1589A2DF0093D97E /* CoreGraphics.framework */; };
		F4AA6C361589A2DF0093D97E /* InfoPlist.strings in Resources */ = {isa = PBXBuildFile; fileRef = F4AA6C341589A2DF0093D97E /* InfoPlist.strings */; };
		F4AA6C381589A2DF0093D97E /* main.m in Sources */ = {isa = PBXBuildFile; fileRef = F4AA6C371589A2DF0093D97E /* main.m */; };
		F4AA6C3C1589A2DF0093D97E /* RecipeBookAppDelegate.m in Sources */ = {isa = PBXBuildFile; fileRef = F4AA6C3B1589A2DF0093D97E /* RecipeBookAppDelegate.m */; };
		F4AA6C3F1589A2DF0093D97E /* MainStoryboard.storyboard in Resources */ = {isa = PBXBuildFile; fileRef = F4AA6C3D1589A2DF0093D97E /* MainStoryboard.storyboard */; };
		F4AA6C421589A2DF0093D97E /* RecipeBookViewController.m in Sources */ = {isa = PBXBuildFile; fileRef = F4AA6C411589A2DF0093D97E /* RecipeBookViewController.m */; };
/* End PBXBuildFile section */

/* Begin PBXFileReference section */
		CBCD5D291C094C720034DE84 /* SPFPriceFetcher.m */ = {isa = PBXFileReference; fileEncoding = 4; lastKnownFileType = sourcecode.c.objc; path = SPFPriceFetcher.m; sourceTree = "<group>"; };
		CBCD5D2A1C094C720034DE84 /* JCDHTTPConnection.m */ = {isa = PBXFileReference; fileEncoding = 4; lastKnownFileType = sourcecode.c.objc; path = JCDHTTPConnection.m; sourceTree = "<group>"; };
		CBCD5D2B1C094C720034DE84 /* SPFPriceFetcher.h */ = {isa = PBXFileReference; fileEncoding = 4; lastKnownFileType = sourcecode.c.h; path = SPFPriceFetcher.h; sourceTree = "<group>"; };
		CBCD5D2C1C094C720034DE84 /* JCDHTTPConnection.h */ = {isa = PBXFileReference; fileEncoding = 4; lastKnownFileType = sourcecode.c.h; path = JCDHTTPConnection.h; sourceTree = "<group>"; };
		CBCD5D2F1C0A20350034DE84 /* HighlightingTextView.h */ = {isa = PBXFileReference; fileEncoding = 4; lastKnownFileType = sourcecode.c.h; path = HighlightingTextView.h; sourceTree = "<group>"; };
		CBCD5D301C0A20350034DE84 /* HighlightingTextView.m */ = {isa = PBXFileReference; fileEncoding = 4; lastKnownFileType = sourcecode.c.objc; path = HighlightingTextView.m; sourceTree = "<group>"; };
		CBCD5D311C0A20350034DE84 /* Quotation.h */ = {isa = PBXFileReference; fileEncoding = 4; lastKnownFileType = sourcecode.c.h; path = Quotation.h; sourceTree = "<group>"; };
		CBCD5D321C0A20350034DE84 /* Quotation.m */ = {isa = PBXFileReference; fileEncoding = 4; lastKnownFileType = sourcecode.c.objc; path = Quotation.m; sourceTree = "<group>"; };
		CBCD5D331C0A20350034DE84 /* QuoteCell.h */ = {isa = PBXFileReference; fileEncoding = 4; lastKnownFileType = sourcecode.c.h; path = QuoteCell.h; sourceTree = "<group>"; };
		CBCD5D341C0A20350034DE84 /* QuoteCell.m */ = {isa = PBXFileReference; fileEncoding = 4; lastKnownFileType = sourcecode.c.objc; path = QuoteCell.m; sourceTree = "<group>"; };
		CBCD5D351C0A20350034DE84 /* SectionHeaderView.h */ = {isa = PBXFileReference; fileEncoding = 4; lastKnownFileType = sourcecode.c.h; path = SectionHeaderView.h; sourceTree = "<group>"; };
		CBCD5D361C0A20350034DE84 /* SectionHeaderView.m */ = {isa = PBXFileReference; fileEncoding = 4; lastKnownFileType = sourcecode.c.objc; path = SectionHeaderView.m; sourceTree = "<group>"; };
		CBCD5D371C0A20350034DE84 /* SectionInfo.h */ = {isa = PBXFileReference; fileEncoding = 4; lastKnownFileType = sourcecode.c.h; path = SectionInfo.h; sourceTree = "<group>"; };
		CBCD5D381C0A20350034DE84 /* SectionInfo.m */ = {isa = PBXFileReference; fileEncoding = 4; lastKnownFileType = sourcecode.c.objc; path = SectionInfo.m; sourceTree = "<group>"; };
		CBCD5D401C0A234B0034DE84 /* QuartzCore.framework */ = {isa = PBXFileReference; lastKnownFileType = wrapper.framework; name = QuartzCore.framework; path = System/Library/Frameworks/QuartzCore.framework; sourceTree = SDKROOT; };
		CBCD5D421C0A24FA0034DE84 /* Play.h */ = {isa = PBXFileReference; fileEncoding = 4; lastKnownFileType = sourcecode.c.h; path = Play.h; sourceTree = "<group>"; };
		CBCD5D431C0A24FA0034DE84 /* Play.m */ = {isa = PBXFileReference; fileEncoding = 4; lastKnownFileType = sourcecode.c.objc; path = Play.m; sourceTree = "<group>"; };
		CBCD5D451C0A29570034DE84 /* MessageUI.framework */ = {isa = PBXFileReference; lastKnownFileType = wrapper.framework; name = MessageUI.framework; path = System/Library/Frameworks/MessageUI.framework; sourceTree = SDKROOT; };
		CBCD5D471C0A2DC40034DE84 /* PlaysAndQuotations.plist */ = {isa = PBXFileReference; fileEncoding = 4; lastKnownFileType = text.plist.xml; path = PlaysAndQuotations.plist; sourceTree = "<group>"; };
		CBCD5D491C0A326A0034DE84 /* carat-open.png */ = {isa = PBXFileReference; lastKnownFileType = image.png; path = "carat-open.png"; sourceTree = "<group>"; };
		CBCD5D4A1C0A326A0034DE84 /* carat.png */ = {isa = PBXFileReference; lastKnownFileType = image.png; path = carat.png; sourceTree = "<group>"; };
		F419149C158D558600E54887 /* RecipeDetailViewController.h */ = {isa = PBXFileReference; fileEncoding = 4; lastKnownFileType = sourcecode.c.h; path = RecipeDetailViewController.h; sourceTree = "<group>"; };
		F419149D158D558600E54887 /* RecipeDetailViewController.m */ = {isa = PBXFileReference; fileEncoding = 4; lastKnownFileType = sourcecode.c.objc; path = RecipeDetailViewController.m; sourceTree = "<group>"; };
		F4AA6C271589A2DF0093D97E /* RecipeBook.app */ = {isa = PBXFileReference; explicitFileType = wrapper.application; includeInIndex = 0; path = RecipeBook.app; sourceTree = BUILT_PRODUCTS_DIR; };
		F4AA6C2B1589A2DF0093D97E /* UIKit.framework */ = {isa = PBXFileReference; lastKnownFileType = wrapper.framework; name = UIKit.framework; path = System/Library/Frameworks/UIKit.framework; sourceTree = SDKROOT; };
		F4AA6C2D1589A2DF0093D97E /* Foundation.framework */ = {isa = PBXFileReference; lastKnownFileType = wrapper.framework; name = Foundation.framework; path = System/Library/Frameworks/Foundation.framework; sourceTree = SDKROOT; };
		F4AA6C2F1589A2DF0093D97E /* CoreGraphics.framework */ = {isa = PBXFileReference; lastKnownFileType = wrapper.framework; name = CoreGraphics.framework; path = System/Library/Frameworks/CoreGraphics.framework; sourceTree = SDKROOT; };
		F4AA6C331589A2DF0093D97E /* RecipeBook-Info.plist */ = {isa = PBXFileReference; lastKnownFileType = text.plist.xml; path = "RecipeBook-Info.plist"; sourceTree = "<group>"; };
		F4AA6C351589A2DF0093D97E /* en */ = {isa = PBXFileReference; lastKnownFileType = text.plist.strings; name = en; path = en.lproj/InfoPlist.strings; sourceTree = "<group>"; };
		F4AA6C371589A2DF0093D97E /* main.m */ = {isa = PBXFileReference; lastKnownFileType = sourcecode.c.objc; path = main.m; sourceTree = "<group>"; };
		F4AA6C391589A2DF0093D97E /* RecipeBook-Prefix.pch */ = {isa = PBXFileReference; lastKnownFileType = sourcecode.c.h; path = "RecipeBook-Prefix.pch"; sourceTree = "<group>"; };
		F4AA6C3A1589A2DF0093D97E /* RecipeBookAppDelegate.h */ = {isa = PBXFileReference; lastKnownFileType = sourcecode.c.h; path = RecipeBookAppDelegate.h; sourceTree = "<group>"; };
		F4AA6C3B1589A2DF0093D97E /* RecipeBookAppDelegate.m */ = {isa = PBXFileReference; lastKnownFileType = sourcecode.c.objc; path = RecipeBookAppDelegate.m; sourceTree = "<group>"; };
		F4AA6C3E1589A2DF0093D97E /* en */ = {isa = PBXFileReference; lastKnownFileType = file.storyboard; name = en; path = en.lproj/MainStoryboard.storyboard; sourceTree = "<group>"; };
		F4AA6C401589A2DF0093D97E /* RecipeBookViewController.h */ = {isa = PBXFileReference; lastKnownFileType = sourcecode.c.h; path = RecipeBookViewController.h; sourceTree = "<group>"; };
		F4AA6C411589A2DF0093D97E /* RecipeBookViewController.m */ = {isa = PBXFileReference; lastKnownFileType = sourcecode.c.objc; path = RecipeBookViewController.m; sourceTree = "<group>"; };
/* End PBXFileReference section */

/* Begin PBXFrameworksBuildPhase section */
		F4AA6C241589A2DF0093D97E /* Frameworks */ = {
			isa = PBXFrameworksBuildPhase;
			buildActionMask = 2147483647;
			files = (
				CBCD5D461C0A29570034DE84 /* MessageUI.framework in Frameworks */,
				CBCD5D411C0A234B0034DE84 /* QuartzCore.framework in Frameworks */,
				F4AA6C2C1589A2DF0093D97E /* UIKit.framework in Frameworks */,
				F4AA6C2E1589A2DF0093D97E /* Foundation.framework in Frameworks */,
				F4AA6C301589A2DF0093D97E /* CoreGraphics.framework in Frameworks */,
			);
			runOnlyForDeploymentPostprocessing = 0;
		};
/* End PBXFrameworksBuildPhase section */

/* Begin PBXGroup section */
		F4AA6C1C1589A2DF0093D97E = {
			isa = PBXGroup;
			children = (
				F4AA6C311589A2DF0093D97E /* RecipeBook */,
				F4AA6C2A1589A2DF0093D97E /* Frameworks */,
				F4AA6C281589A2DF0093D97E /* Products */,
			);
			sourceTree = "<group>";
		};
		F4AA6C281589A2DF0093D97E /* Products */ = {
			isa = PBXGroup;
			children = (
				F4AA6C271589A2DF0093D97E /* RecipeBook.app */,
			);
			name = Products;
			sourceTree = "<group>";
		};
		F4AA6C2A1589A2DF0093D97E /* Frameworks */ = {
			isa = PBXGroup;
			children = (
				CBCD5D451C0A29570034DE84 /* MessageUI.framework */,
				CBCD5D401C0A234B0034DE84 /* QuartzCore.framework */,
				F4AA6C2B1589A2DF0093D97E /* UIKit.framework */,
				F4AA6C2D1589A2DF0093D97E /* Foundation.framework */,
				F4AA6C2F1589A2DF0093D97E /* CoreGraphics.framework */,
			);
			name = Frameworks;
			sourceTree = "<group>";
		};
		F4AA6C311589A2DF0093D97E /* RecipeBook */ = {
			isa = PBXGroup;
			children = (
				CBCD5D491C0A326A0034DE84 /* carat-open.png */,
				CBCD5D4A1C0A326A0034DE84 /* carat.png */,
				CBCD5D471C0A2DC40034DE84 /* PlaysAndQuotations.plist */,
				CBCD5D421C0A24FA0034DE84 /* Play.h */,
				CBCD5D431C0A24FA0034DE84 /* Play.m */,
				CBCD5D2F1C0A20350034DE84 /* HighlightingTextView.h */,
				CBCD5D301C0A20350034DE84 /* HighlightingTextView.m */,
				CBCD5D311C0A20350034DE84 /* Quotation.h */,
				CBCD5D321C0A20350034DE84 /* Quotation.m */,
				CBCD5D331C0A20350034DE84 /* QuoteCell.h */,
				CBCD5D341C0A20350034DE84 /* QuoteCell.m */,
				CBCD5D351C0A20350034DE84 /* SectionHeaderView.h */,
				CBCD5D361C0A20350034DE84 /* SectionHeaderView.m */,
				CBCD5D371C0A20350034DE84 /* SectionInfo.h */,
				CBCD5D381C0A20350034DE84 /* SectionInfo.m */,
				CBCD5D291C094C720034DE84 /* SPFPriceFetcher.m */,
				CBCD5D2A1C094C720034DE84 /* JCDHTTPConnection.m */,
				CBCD5D2B1C094C720034DE84 /* SPFPriceFetcher.h */,
				CBCD5D2C1C094C720034DE84 /* JCDHTTPConnection.h */,
				F4AA6C3A1589A2DF0093D97E /* RecipeBookAppDelegate.h */,
				F4AA6C3B1589A2DF0093D97E /* RecipeBookAppDelegate.m */,
				F4AA6C3D1589A2DF0093D97E /* MainStoryboard.storyboard */,
				F4AA6C401589A2DF0093D97E /* RecipeBookViewController.h */,
				F4AA6C411589A2DF0093D97E /* RecipeBookViewController.m */,
				F4AA6C321589A2DF0093D97E /* Supporting Files */,
				F419149C158D558600E54887 /* RecipeDetailViewController.h */,
				F419149D158D558600E54887 /* RecipeDetailViewController.m */,
			);
			path = RecipeBook;
			sourceTree = "<group>";
		};
		F4AA6C321589A2DF0093D97E /* Supporting Files */ = {
			isa = PBXGroup;
			children = (
				F4AA6C331589A2DF0093D97E /* RecipeBook-Info.plist */,
				F4AA6C341589A2DF0093D97E /* InfoPlist.strings */,
				F4AA6C371589A2DF0093D97E /* main.m */,
				F4AA6C391589A2DF0093D97E /* RecipeBook-Prefix.pch */,
			);
			name = "Supporting Files";
			sourceTree = "<group>";
		};
/* End PBXGroup section */

/* Begin PBXNativeTarget section */
		F4AA6C261589A2DF0093D97E /* RecipeBook */ = {
			isa = PBXNativeTarget;
			buildConfigurationList = F4AA6C451589A2DF0093D97E /* Build configuration list for PBXNativeTarget "RecipeBook" */;
			buildPhases = (
				F4AA6C231589A2DF0093D97E /* Sources */,
				F4AA6C241589A2DF0093D97E /* Frameworks */,
				F4AA6C251589A2DF0093D97E /* Resources */,
			);
			buildRules = (
			);
			dependencies = (
			);
			name = RecipeBook;
			productName = RecipeBook;
			productReference = F4AA6C271589A2DF0093D97E /* RecipeBook.app */;
			productType = "com.apple.product-type.application";
		};
/* End PBXNativeTarget section */

/* Begin PBXProject section */
		F4AA6C1E1589A2DF0093D97E /* Project object */ = {
			isa = PBXProject;
			attributes = {
				CLASSPREFIX = RecipeBook;
				LastUpgradeCheck = 0430;
			};
			buildConfigurationList = F4AA6C211589A2DF0093D97E /* Build configuration list for PBXProject "RecipeBook" */;
			compatibilityVersion = "Xcode 3.2";
			developmentRegion = English;
			hasScannedForEncodings = 0;
			knownRegions = (
				en,
			);
			mainGroup = F4AA6C1C1589A2DF0093D97E;
			productRefGroup = F4AA6C281589A2DF0093D97E /* Products */;
			projectDirPath = "";
			projectRoot = "";
			targets = (
				F4AA6C261589A2DF0093D97E /* RecipeBook */,
			);
		};
/* End PBXProject section */

/* Begin PBXResourcesBuildPhase section */
		F4AA6C251589A2DF0093D97E /* Resources */ = {
			isa = PBXResourcesBuildPhase;
			buildActionMask = 2147483647;
			files = (
				F4AA6C361589A2DF0093D97E /* InfoPlist.strings in Resources */,
				F4AA6C3F1589A2DF0093D97E /* MainStoryboard.storyboard in Resources */,
				CBCD5D481C0A2DC40034DE84 /* PlaysAndQuotations.plist in Resources */,
				CBCD5D4B1C0A326A0034DE84 /* carat-open.png in Resources */,
				CBCD5D4C1C0A326A0034DE84 /* carat.png in Resources */,
			);
			runOnlyForDeploymentPostprocessing = 0;
		};
/* End PBXResourcesBuildPhase section */

/* Begin PBXSourcesBuildPhase section */
		F4AA6C231589A2DF0093D97E /* Sources */ = {
			isa = PBXSourcesBuildPhase;
			buildActionMask = 2147483647;
			files = (
				F4AA6C381589A2DF0093D97E /* main.m in Sources */,
				CBCD5D3D1C0A20350034DE84 /* SectionInfo.m in Sources */,
				CBCD5D3B1C0A20350034DE84 /* QuoteCell.m in Sources */,
				CBCD5D391C0A20350034DE84 /* HighlightingTextView.m in Sources */,
				CBCD5D3C1C0A20350034DE84 /* SectionHeaderView.m in Sources */,
				CBCD5D3A1C0A20350034DE84 /* Quotation.m in Sources */,
				F4AA6C3C1589A2DF0093D97E /* RecipeBookAppDelegate.m in Sources */,
				CBCD5D2D1C094C720034DE84 /* SPFPriceFetcher.m in Sources */,
				F4AA6C421589A2DF0093D97E /* RecipeBookViewController.m in Sources */,
				F419149E158D558600E54887 /* RecipeDetailViewController.m in Sources */,
				CBCD5D2E1C094C720034DE84 /* JCDHTTPConnection.m in Sources */,
				CBCD5D441C0A24FA0034DE84 /* Play.m in Sources */,
			);
			runOnlyForDeploymentPostprocessing = 0;
		};
/* End PBXSourcesBuildPhase section */

/* Begin PBXVariantGroup section */
		F4AA6C341589A2DF0093D97E /* InfoPlist.strings */ = {
			isa = PBXVariantGroup;
			children = (
				F4AA6C351589A2DF0093D97E /* en */,
			);
			name = InfoPlist.strings;
			sourceTree = "<group>";
		};
		F4AA6C3D1589A2DF0093D97E /* MainStoryboard.storyboard */ = {
			isa = PBXVariantGroup;
			children = (
				F4AA6C3E1589A2DF0093D97E /* en */,
			);
			name = MainStoryboard.storyboard;
			sourceTree = "<group>";
		};
/* End PBXVariantGroup section */

/* Begin XCBuildConfiguration section */
		F4AA6C431589A2DF0093D97E /* Debug */ = {
			isa = XCBuildConfiguration;
			buildSettings = {
				ALWAYS_SEARCH_USER_PATHS = NO;
				ARCHS = "$(ARCHS_STANDARD_32_BIT)";
				CLANG_ENABLE_OBJC_ARC = YES;
				"CODE_SIGN_IDENTITY[sdk=iphoneos*]" = "iPhone Developer";
				COPY_PHASE_STRIP = NO;
				GCC_C_LANGUAGE_STANDARD = gnu99;
				GCC_DYNAMIC_NO_PIC = NO;
				GCC_OPTIMIZATION_LEVEL = 0;
				GCC_PREPROCESSOR_DEFINITIONS = (
					"DEBUG=1",
					"$(inherited)",
				);
				GCC_SYMBOLS_PRIVATE_EXTERN = NO;
				GCC_VERSION = com.apple.compilers.llvm.clang.1_0;
				GCC_WARN_ABOUT_RETURN_TYPE = YES;
				GCC_WARN_UNINITIALIZED_AUTOS = YES;
				GCC_WARN_UNUSED_VARIABLE = YES;
				IPHONEOS_DEPLOYMENT_TARGET = 5.1;
				SDKROOT = iphoneos;
			};
			name = Debug;
		};
		F4AA6C441589A2DF0093D97E /* Release */ = {
			isa = XCBuildConfiguration;
			buildSettings = {
				ALWAYS_SEARCH_USER_PATHS = NO;
				ARCHS = "$(ARCHS_STANDARD_32_BIT)";
				CLANG_ENABLE_OBJC_ARC = YES;
				"CODE_SIGN_IDENTITY[sdk=iphoneos*]" = "iPhone Developer";
				COPY_PHASE_STRIP = YES;
				GCC_C_LANGUAGE_STANDARD = gnu99;
				GCC_VERSION = com.apple.compilers.llvm.clang.1_0;
				GCC_WARN_ABOUT_RETURN_TYPE = YES;
				GCC_WARN_UNINITIALIZED_AUTOS = YES;
				GCC_WARN_UNUSED_VARIABLE = YES;
				IPHONEOS_DEPLOYMENT_TARGET = 5.1;
				OTHER_CFLAGS = "-DNS_BLOCK_ASSERTIONS=1";
				SDKROOT = iphoneos;
				VALIDATE_PRODUCT = YES;
			};
			name = Release;
		};
		F4AA6C461589A2DF0093D97E /* Debug */ = {
			isa = XCBuildConfiguration;
			buildSettings = {
				FRAMEWORK_SEARCH_PATHS = (
					"$(inherited)",
					"$(PROJECT_DIR)",
				);
				GCC_PRECOMPILE_PREFIX_HEADER = YES;
				GCC_PREFIX_HEADER = "RecipeBook/RecipeBook-Prefix.pch";
				INFOPLIST_FILE = "RecipeBook/RecipeBook-Info.plist";
				PRODUCT_NAME = "$(TARGET_NAME)";
				WRAPPER_EXTENSION = app;
			};
			name = Debug;
		};
		F4AA6C471589A2DF0093D97E /* Release */ = {
			isa = XCBuildConfiguration;
			buildSettings = {
				FRAMEWORK_SEARCH_PATHS = (
					"$(inherited)",
					"$(PROJECT_DIR)",
				);
				GCC_PRECOMPILE_PREFIX_HEADER = YES;
				GCC_PREFIX_HEADER = "RecipeBook/RecipeBook-Prefix.pch";
				INFOPLIST_FILE = "RecipeBook/RecipeBook-Info.plist";
				PRODUCT_NAME = "$(TARGET_NAME)";
				WRAPPER_EXTENSION = app;
			};
			name = Release;
		};
/* End XCBuildConfiguration section */

/* Begin XCConfigurationList section */
		F4AA6C211589A2DF0093D97E /* Build configuration list for PBXProject "RecipeBook" */ = {
			isa = XCConfigurationList;
			buildConfigurations = (
				F4AA6C431589A2DF0093D97E /* Debug */,
				F4AA6C441589A2DF0093D97E /* Release */,
			);
			defaultConfigurationIsVisible = 0;
			defaultConfigurationName = Release;
		};
		F4AA6C451589A2DF0093D97E /* Build configuration list for PBXNativeTarget "RecipeBook" */ = {
			isa = XCConfigurationList;
			buildConfigurations = (
				F4AA6C461589A2DF0093D97E /* Debug */,
				F4AA6C471589A2DF0093D97E /* Release */,
			);
			defaultConfigurationIsVisible = 0;
			defaultConfigurationName = Release;
		};
/* End XCConfigurationList section */
	};
	rootObject = F4AA6C1E1589A2DF0093D97E /* Project object */;
}
